// !$*UTF8*$!
{
	archiveVersion = 1;
	classes = {
	};
	objectVersion = 46;
	objects = {

/* Begin PBXBuildFile section */
		606BF1DD0CBCB8FA005C51D9 /* AComplex1Jet.C in Sources */ = {isa = PBXBuildFile; fileRef = 60ADFFB20CA109BD009704E6 /* AComplex1Jet.C */; };
		606BF1DE0CBCB8FB005C51D9 /* Box.cpp in Sources */ = {isa = PBXBuildFile; fileRef = 60AD014E0CABB993009704E6 /* Box.cpp */; };
		606BF1DF0CBCB8FD005C51D9 /* GL2ACJ.C in Sources */ = {isa = PBXBuildFile; fileRef = 60ADFFB60CA109BD009704E6 /* GL2ACJ.C */; };
		606BF1E00CBCB8FE005C51D9 /* GL2C.C in Sources */ = {isa = PBXBuildFile; fileRef = 60ADFFB80CA109BD009704E6 /* GL2C.C */; };
		606BF1E10CBCB900005C51D9 /* Params.cpp in Sources */ = {isa = PBXBuildFile; fileRef = 60AD01F60CABCDA8009704E6 /* Params.cpp */; };
		606BF1E20CBCB902005C51D9 /* TestCollection.cpp in Sources */ = {isa = PBXBuildFile; fileRef = 60AD01660CABBFDC009704E6 /* TestCollection.cpp */; };
		606BF1E80CBCB919005C51D9 /* MomRefine.cpp in Sources */ = {isa = PBXBuildFile; fileRef = 606BF1E70CBCB919005C51D9 /* MomRefine.cpp */; };
		60AD01500CABB993009704E6 /* Box.cpp in Sources */ = {isa = PBXBuildFile; fileRef = 60AD014E0CABB993009704E6 /* Box.cpp */; };
		60AD01680CABBFDC009704E6 /* TestCollection.cpp in Sources */ = {isa = PBXBuildFile; fileRef = 60AD01660CABBFDC009704E6 /* TestCollection.cpp */; };
		60AD01750CABC04B009704E6 /* TestSearch.cpp in Sources */ = {isa = PBXBuildFile; fileRef = 60AD01730CABC04B009704E6 /* TestSearch.cpp */; };
		60AD01F70CABCDA8009704E6 /* Params.cpp in Sources */ = {isa = PBXBuildFile; fileRef = 60AD01F60CABCDA8009704E6 /* Params.cpp */; };
		60AD04660CB140AD009704E6 /* AComplex1Jet.C in Sources */ = {isa = PBXBuildFile; fileRef = 60ADFFB20CA109BD009704E6 /* AComplex1Jet.C */; };
		60AD04670CB140AE009704E6 /* Box.cpp in Sources */ = {isa = PBXBuildFile; fileRef = 60AD014E0CABB993009704E6 /* Box.cpp */; };
		60AD04690CB140AF009704E6 /* GL2ACJ.C in Sources */ = {isa = PBXBuildFile; fileRef = 60ADFFB60CA109BD009704E6 /* GL2ACJ.C */; };
		60AD046A0CB140B2009704E6 /* GL2C.C in Sources */ = {isa = PBXBuildFile; fileRef = 60ADFFB80CA109BD009704E6 /* GL2C.C */; };
		60AD046B0CB140B3009704E6 /* Params.cpp in Sources */ = {isa = PBXBuildFile; fileRef = 60AD01F60CABCDA8009704E6 /* Params.cpp */; };
		60AD046C0CB140B3009704E6 /* MomCheck.cpp in Sources */ = {isa = PBXBuildFile; fileRef = 60AD042A0CB13C77009704E6 /* MomCheck.cpp */; };
		60AD046D0CB140B4009704E6 /* TestCollection.cpp in Sources */ = {isa = PBXBuildFile; fileRef = 60AD01660CABBFDC009704E6 /* TestCollection.cpp */; };
		60AD046E0CB140B5009704E6 /* TestSearch.cpp in Sources */ = {isa = PBXBuildFile; fileRef = 60AD01730CABC04B009704E6 /* TestSearch.cpp */; };
		60ADFFBA0CA109BD009704E6 /* AComplex1Jet.C in Sources */ = {isa = PBXBuildFile; fileRef = 60ADFFB20CA109BD009704E6 /* AComplex1Jet.C */; };
		60ADFFBC0CA109BD009704E6 /* color.C in Sources */ = {isa = PBXBuildFile; fileRef = 60ADFFB40CA109BD009704E6 /* color.C */; };
		60ADFFBE0CA109BD009704E6 /* GL2ACJ.C in Sources */ = {isa = PBXBuildFile; fileRef = 60ADFFB60CA109BD009704E6 /* GL2ACJ.C */; };
		60ADFFC00CA109BD009704E6 /* GL2C.C in Sources */ = {isa = PBXBuildFile; fileRef = 60ADFFB80CA109BD009704E6 /* GL2C.C */; };
		60C850580CC3917A00B9CF7C /* AComplex1Jet.C in Sources */ = {isa = PBXBuildFile; fileRef = 60ADFFB20CA109BD009704E6 /* AComplex1Jet.C */; };
		60C850590CC3917B00B9CF7C /* Box.cpp in Sources */ = {isa = PBXBuildFile; fileRef = 60AD014E0CABB993009704E6 /* Box.cpp */; };
		60C8505A0CC3917D00B9CF7C /* GL2ACJ.C in Sources */ = {isa = PBXBuildFile; fileRef = 60ADFFB60CA109BD009704E6 /* GL2ACJ.C */; };
		60C8505B0CC3917E00B9CF7C /* GL2C.C in Sources */ = {isa = PBXBuildFile; fileRef = 60ADFFB80CA109BD009704E6 /* GL2C.C */; };
		60C8505C0CC3918100B9CF7C /* Params.cpp in Sources */ = {isa = PBXBuildFile; fileRef = 60AD01F60CABCDA8009704E6 /* Params.cpp */; };
		60C8505E0CC3919500B9CF7C /* Evaluate.cpp in Sources */ = {isa = PBXBuildFile; fileRef = 60C8505D0CC3919500B9CF7C /* Evaluate.cpp */; };
		AC5189B2178C5B2F00276074 /* ImpossibleRelations.cpp in Sources */ = {isa = PBXBuildFile; fileRef = AC5189AC178C5A4700276074 /* ImpossibleRelations.cpp */; };
		AC5189B4178C5B5700276074 /* ImpossibleRelations.cpp in Sources */ = {isa = PBXBuildFile; fileRef = AC5189AC178C5A4700276074 /* ImpossibleRelations.cpp */; };
		AC5189B5178C5B8100276074 /* ImpossibleRelations.cpp in Sources */ = {isa = PBXBuildFile; fileRef = AC5189AC178C5A4700276074 /* ImpossibleRelations.cpp */; };
		AC5189B6178C5B8400276074 /* QuasiRelators.cpp in Sources */ = {isa = PBXBuildFile; fileRef = AC5189AE178C5A4700276074 /* QuasiRelators.cpp */; };
		AC5189B7178C5BAD00276074 /* BallSearch.cpp in Sources */ = {isa = PBXBuildFile; fileRef = AC5189A5178C5A2C00276074 /* BallSearch.cpp */; };
		AC5189B8178C5BB700276074 /* CanonicalName.cpp in Sources */ = {isa = PBXBuildFile; fileRef = AC5189A6178C5A2C00276074 /* CanonicalName.cpp */; };
		AC5189B9178C5BCB00276074 /* treecat.cpp in Sources */ = {isa = PBXBuildFile; fileRef = AC5189B0178C5A4700276074 /* treecat.cpp */; };
		AC5189BA178C5BD400276074 /* treetac.cpp in Sources */ = {isa = PBXBuildFile; fileRef = AC5189B1178C5A4700276074 /* treetac.cpp */; };
		AC5189C8178C5BF700276074 /* entree.cpp in Sources */ = {isa = PBXBuildFile; fileRef = AC5189A7178C5A2C00276074 /* entree.cpp */; };
/* End PBXBuildFile section */

/* Begin PBXCopyFilesBuildPhase section */
		AC518990178C59D300276074 /* CopyFiles */ = {
			isa = PBXCopyFilesBuildPhase;
			buildActionMask = 2147483647;
			dstPath = /usr/share/man/man1/;
			dstSubfolderSpec = 0;
			files = (
			);
			runOnlyForDeploymentPostprocessing = 1;
		};
		AC518999178C59EF00276074 /* CopyFiles */ = {
			isa = PBXCopyFilesBuildPhase;
			buildActionMask = 2147483647;
			dstPath = /usr/share/man/man1/;
			dstSubfolderSpec = 0;
			files = (
			);
			runOnlyForDeploymentPostprocessing = 1;
		};
		AC5189BD178C5BE200276074 /* CopyFiles */ = {
			isa = PBXCopyFilesBuildPhase;
			buildActionMask = 2147483647;
			dstPath = /usr/share/man/man1/;
			dstSubfolderSpec = 0;
			files = (
			);
			runOnlyForDeploymentPostprocessing = 1;
		};
/* End PBXCopyFilesBuildPhase section */

/* Begin PBXFileReference section */
		606BF1DB0CBCB8E9005C51D9 /* Refine */ = {isa = PBXFileReference; explicitFileType = "compiled.mach-o.executable"; includeInIndex = 0; path = Refine; sourceTree = BUILT_PRODUCTS_DIR; };
		606BF1E70CBCB919005C51D9 /* MomRefine.cpp */ = {isa = PBXFileReference; fileEncoding = 4; lastKnownFileType = sourcecode.cpp.cpp; path = MomRefine.cpp; sourceTree = "<group>"; };
		60AD014D0CABB993009704E6 /* Box.h */ = {isa = PBXFileReference; fileEncoding = 4; lastKnownFileType = sourcecode.c.h; path = Box.h; sourceTree = "<group>"; };
		60AD014E0CABB993009704E6 /* Box.cpp */ = {isa = PBXFileReference; fileEncoding = 4; lastKnownFileType = sourcecode.cpp.cpp; path = Box.cpp; sourceTree = "<group>"; };
		60AD01550CABB9D3009704E6 /* Params.h */ = {isa = PBXFileReference; fileEncoding = 4; lastKnownFileType = sourcecode.c.h; path = Params.h; sourceTree = "<group>"; };
		60AD01650CABBFDC009704E6 /* TestCollection.h */ = {isa = PBXFileReference; fileEncoding = 4; lastKnownFileType = sourcecode.c.h; path = TestCollection.h; sourceTree = "<group>"; };
		60AD01660CABBFDC009704E6 /* TestCollection.cpp */ = {isa = PBXFileReference; fileEncoding = 4; lastKnownFileType = sourcecode.cpp.cpp; path = TestCollection.cpp; sourceTree = "<group>"; };
		60AD01720CABC04B009704E6 /* TestSearch.h */ = {isa = PBXFileReference; fileEncoding = 4; lastKnownFileType = sourcecode.c.h; path = TestSearch.h; sourceTree = "<group>"; };
		60AD01730CABC04B009704E6 /* TestSearch.cpp */ = {isa = PBXFileReference; fileEncoding = 4; lastKnownFileType = sourcecode.cpp.cpp; path = TestSearch.cpp; sourceTree = "<group>"; };
		60AD01F60CABCDA8009704E6 /* Params.cpp */ = {isa = PBXFileReference; fileEncoding = 4; lastKnownFileType = sourcecode.cpp.cpp; path = Params.cpp; sourceTree = "<group>"; };
		60AD042A0CB13C77009704E6 /* MomCheck.cpp */ = {isa = PBXFileReference; fileEncoding = 4; lastKnownFileType = sourcecode.cpp.cpp; path = MomCheck.cpp; sourceTree = "<group>"; };
		60AD04640CB140A3009704E6 /* momCheck */ = {isa = PBXFileReference; explicitFileType = "compiled.mach-o.executable"; includeInIndex = 0; path = momCheck; sourceTree = BUILT_PRODUCTS_DIR; };
		60ADFFB20CA109BD009704E6 /* AComplex1Jet.C */ = {isa = PBXFileReference; fileEncoding = 30; lastKnownFileType = sourcecode.cpp.cpp; path = AComplex1Jet.C; sourceTree = "<group>"; };
		60ADFFB30CA109BD009704E6 /* AComplex1Jet.h */ = {isa = PBXFileReference; fileEncoding = 30; lastKnownFileType = sourcecode.c.h; path = AComplex1Jet.h; sourceTree = "<group>"; };
		60ADFFB40CA109BD009704E6 /* color.C */ = {isa = PBXFileReference; fileEncoding = 30; lastKnownFileType = sourcecode.cpp.cpp; path = color.C; sourceTree = "<group>"; };
		60ADFFB50CA109BD009704E6 /* Complex.h */ = {isa = PBXFileReference; fileEncoding = 30; lastKnownFileType = sourcecode.c.h; path = Complex.h; sourceTree = "<group>"; };
		60ADFFB60CA109BD009704E6 /* GL2ACJ.C */ = {isa = PBXFileReference; fileEncoding = 30; lastKnownFileType = sourcecode.cpp.cpp; path = GL2ACJ.C; sourceTree = "<group>"; };
		60ADFFB70CA109BD009704E6 /* GL2ACJ.h */ = {isa = PBXFileReference; fileEncoding = 30; lastKnownFileType = sourcecode.c.h; path = GL2ACJ.h; sourceTree = "<group>"; };
		60ADFFB80CA109BD009704E6 /* GL2C.C */ = {isa = PBXFileReference; fileEncoding = 30; lastKnownFileType = sourcecode.cpp.cpp; path = GL2C.C; sourceTree = "<group>"; };
		60ADFFB90CA109BD009704E6 /* GL2C.h */ = {isa = PBXFileReference; fileEncoding = 30; lastKnownFileType = sourcecode.c.h; path = GL2C.h; sourceTree = "<group>"; };
		60C850560CC3916400B9CF7C /* Evaluate */ = {isa = PBXFileReference; explicitFileType = "compiled.mach-o.executable"; includeInIndex = 0; path = Evaluate; sourceTree = BUILT_PRODUCTS_DIR; };
		60C8505D0CC3919500B9CF7C /* Evaluate.cpp */ = {isa = PBXFileReference; fileEncoding = 30; lastKnownFileType = sourcecode.cpp.cpp; path = Evaluate.cpp; sourceTree = "<group>"; };
		8DD76F6C0486A84900D96B5E /* mom */ = {isa = PBXFileReference; explicitFileType = "compiled.mach-o.executable"; includeInIndex = 0; path = mom; sourceTree = BUILT_PRODUCTS_DIR; };
		AC518992178C59D300276074 /* treecat */ = {isa = PBXFileReference; explicitFileType = "compiled.mach-o.executable"; includeInIndex = 0; path = treecat; sourceTree = BUILT_PRODUCTS_DIR; };
		AC51899B178C59EF00276074 /* treetac */ = {isa = PBXFileReference; explicitFileType = "compiled.mach-o.executable"; includeInIndex = 0; path = treetac; sourceTree = BUILT_PRODUCTS_DIR; };
		AC5189A0178C5A1F00276074 /* BallSearch.h */ = {isa = PBXFileReference; fileEncoding = 4; lastKnownFileType = sourcecode.c.h; path = BallSearch.h; sourceTree = "<group>"; };
		AC5189A1178C5A1F00276074 /* CanonicalName.h */ = {isa = PBXFileReference; fileEncoding = 4; lastKnownFileType = sourcecode.c.h; path = CanonicalName.h; sourceTree = "<group>"; };
		AC5189A2178C5A1F00276074 /* ImpossibleRelations.h */ = {isa = PBXFileReference; fileEncoding = 4; lastKnownFileType = sourcecode.c.h; path = ImpossibleRelations.h; sourceTree = "<group>"; };
		AC5189A3178C5A1F00276074 /* QuasiRelators.h */ = {isa = PBXFileReference; fileEncoding = 4; lastKnownFileType = sourcecode.c.h; path = QuasiRelators.h; sourceTree = "<group>"; };
		AC5189A4178C5A2C00276074 /* rfile.h */ = {isa = PBXFileReference; fileEncoding = 4; lastKnownFileType = sourcecode.c.h; path = rfile.h; sourceTree = "<group>"; };
		AC5189A5178C5A2C00276074 /* BallSearch.cpp */ = {isa = PBXFileReference; fileEncoding = 4; lastKnownFileType = sourcecode.cpp.cpp; path = BallSearch.cpp; sourceTree = "<group>"; };
		AC5189A6178C5A2C00276074 /* CanonicalName.cpp */ = {isa = PBXFileReference; fileEncoding = 4; lastKnownFileType = sourcecode.cpp.cpp; path = CanonicalName.cpp; sourceTree = "<group>"; };
		AC5189A7178C5A2C00276074 /* entree.cpp */ = {isa = PBXFileReference; fileEncoding = 4; lastKnownFileType = sourcecode.cpp.cpp; path = entree.cpp; sourceTree = "<group>"; };
		AC5189AB178C5A4700276074 /* Identities.cpp */ = {isa = PBXFileReference; lastKnownFileType = sourcecode.cpp.cpp; path = Identities.cpp; sourceTree = "<group>"; };
		AC5189AC178C5A4700276074 /* ImpossibleRelations.cpp */ = {isa = PBXFileReference; lastKnownFileType = sourcecode.cpp.cpp; path = ImpossibleRelations.cpp; sourceTree = "<group>"; };
		AC5189AD178C5A4700276074 /* MomImprove.cpp */ = {isa = PBXFileReference; lastKnownFileType = sourcecode.cpp.cpp; path = MomImprove.cpp; sourceTree = "<group>"; };
		AC5189AE178C5A4700276074 /* QuasiRelators.cpp */ = {isa = PBXFileReference; lastKnownFileType = sourcecode.cpp.cpp; path = QuasiRelators.cpp; sourceTree = "<group>"; };
		AC5189AF178C5A4700276074 /* rbox.cpp */ = {isa = PBXFileReference; lastKnownFileType = sourcecode.cpp.cpp; path = rbox.cpp; sourceTree = "<group>"; };
		AC5189B0178C5A4700276074 /* treecat.cpp */ = {isa = PBXFileReference; lastKnownFileType = sourcecode.cpp.cpp; path = treecat.cpp; sourceTree = "<group>"; };
		AC5189B1178C5A4700276074 /* treetac.cpp */ = {isa = PBXFileReference; lastKnownFileType = sourcecode.cpp.cpp; path = treetac.cpp; sourceTree = "<group>"; };
		AC5189BF178C5BE200276074 /* entree */ = {isa = PBXFileReference; explicitFileType = "compiled.mach-o.executable"; includeInIndex = 0; path = entree; sourceTree = BUILT_PRODUCTS_DIR; };
/* End PBXFileReference section */

/* Begin PBXFrameworksBuildPhase section */
		606BF1D90CBCB8E9005C51D9 /* Frameworks */ = {
			isa = PBXFrameworksBuildPhase;
			buildActionMask = 2147483647;
			files = (
			);
			runOnlyForDeploymentPostprocessing = 0;
		};
		60AD04620CB140A3009704E6 /* Frameworks */ = {
			isa = PBXFrameworksBuildPhase;
			buildActionMask = 2147483647;
			files = (
			);
			runOnlyForDeploymentPostprocessing = 0;
		};
		60C850540CC3916400B9CF7C /* Frameworks */ = {
			isa = PBXFrameworksBuildPhase;
			buildActionMask = 2147483647;
			files = (
			);
			runOnlyForDeploymentPostprocessing = 0;
		};
		8DD76F660486A84900D96B5E /* Frameworks */ = {
			isa = PBXFrameworksBuildPhase;
			buildActionMask = 2147483647;
			files = (
			);
			runOnlyForDeploymentPostprocessing = 0;
		};
		AC51898F178C59D300276074 /* Frameworks */ = {
			isa = PBXFrameworksBuildPhase;
			buildActionMask = 2147483647;
			files = (
			);
			runOnlyForDeploymentPostprocessing = 0;
		};
		AC518998178C59EF00276074 /* Frameworks */ = {
			isa = PBXFrameworksBuildPhase;
			buildActionMask = 2147483647;
			files = (
			);
			runOnlyForDeploymentPostprocessing = 0;
		};
		AC5189BC178C5BE200276074 /* Frameworks */ = {
			isa = PBXFrameworksBuildPhase;
			buildActionMask = 2147483647;
			files = (
			);
			runOnlyForDeploymentPostprocessing = 0;
		};
/* End PBXFrameworksBuildPhase section */

/* Begin PBXGroup section */
		08FB7794FE84155DC02AAC07 /* mom */ = {
			isa = PBXGroup;
			children = (
				08FB7795FE84155DC02AAC07 /* Source */,
				C6859E8C029090F304C91782 /* Documentation */,
				1AB674ADFE9D54B511CA2CBB /* Products */,
			);
			name = mom;
			sourceTree = "<group>";
		};
		08FB7795FE84155DC02AAC07 /* Source */ = {
			isa = PBXGroup;
			children = (
				60ADFFB20CA109BD009704E6 /* AComplex1Jet.C */,
				60ADFFB30CA109BD009704E6 /* AComplex1Jet.h */,
				AC5189A5178C5A2C00276074 /* BallSearch.cpp */,
				AC5189A0178C5A1F00276074 /* BallSearch.h */,
				60AD014E0CABB993009704E6 /* Box.cpp */,
				60AD014D0CABB993009704E6 /* Box.h */,
				AC5189A6178C5A2C00276074 /* CanonicalName.cpp */,
				AC5189A1178C5A1F00276074 /* CanonicalName.h */,
				60ADFFB40CA109BD009704E6 /* color.C */,
				60ADFFB50CA109BD009704E6 /* Complex.h */,
				AC5189A7178C5A2C00276074 /* entree.cpp */,
				60C8505D0CC3919500B9CF7C /* Evaluate.cpp */,
				60ADFFB60CA109BD009704E6 /* GL2ACJ.C */,
				60ADFFB70CA109BD009704E6 /* GL2ACJ.h */,
				60ADFFB80CA109BD009704E6 /* GL2C.C */,
				60ADFFB90CA109BD009704E6 /* GL2C.h */,
				AC5189AB178C5A4700276074 /* Identities.cpp */,
				AC5189AC178C5A4700276074 /* ImpossibleRelations.cpp */,
				AC5189A2178C5A1F00276074 /* ImpossibleRelations.h */,
				60AD042A0CB13C77009704E6 /* MomCheck.cpp */,
				AC5189AD178C5A4700276074 /* MomImprove.cpp */,
				606BF1E70CBCB919005C51D9 /* MomRefine.cpp */,
				60AD01F60CABCDA8009704E6 /* Params.cpp */,
				60AD01550CABB9D3009704E6 /* Params.h */,
				AC5189AE178C5A4700276074 /* QuasiRelators.cpp */,
				AC5189A3178C5A1F00276074 /* QuasiRelators.h */,
				AC5189AF178C5A4700276074 /* rbox.cpp */,
				AC5189A4178C5A2C00276074 /* rfile.h */,
				60AD01660CABBFDC009704E6 /* TestCollection.cpp */,
				60AD01650CABBFDC009704E6 /* TestCollection.h */,
				60AD01730CABC04B009704E6 /* TestSearch.cpp */,
				60AD01720CABC04B009704E6 /* TestSearch.h */,
				AC5189B0178C5A4700276074 /* treecat.cpp */,
				AC5189B1178C5A4700276074 /* treetac.cpp */,
			);
			name = Source;
			sourceTree = "<group>";
		};
		1AB674ADFE9D54B511CA2CBB /* Products */ = {
			isa = PBXGroup;
			children = (
				8DD76F6C0486A84900D96B5E /* mom */,
				60AD04640CB140A3009704E6 /* momCheck */,
				606BF1DB0CBCB8E9005C51D9 /* Refine */,
				60C850560CC3916400B9CF7C /* Evaluate */,
				AC518992178C59D300276074 /* treecat */,
				AC51899B178C59EF00276074 /* treetac */,
				AC5189BF178C5BE200276074 /* entree */,
			);
			name = Products;
			sourceTree = "<group>";
		};
		C6859E8C029090F304C91782 /* Documentation */ = {
			isa = PBXGroup;
			children = (
			);
			name = Documentation;
			sourceTree = "<group>";
		};
/* End PBXGroup section */

/* Begin PBXNativeTarget section */
		606BF1DA0CBCB8E9005C51D9 /* Refine */ = {
			isa = PBXNativeTarget;
			buildConfigurationList = 606BF1E90CBCB919005C51D9 /* Build configuration list for PBXNativeTarget "Refine" */;
			buildPhases = (
				606BF1D80CBCB8E9005C51D9 /* Sources */,
				606BF1D90CBCB8E9005C51D9 /* Frameworks */,
			);
			buildRules = (
			);
			dependencies = (
			);
			name = Refine;
			productName = Refine;
			productReference = 606BF1DB0CBCB8E9005C51D9 /* Refine */;
			productType = "com.apple.product-type.tool";
		};
		60AD04630CB140A3009704E6 /* momCheck */ = {
			isa = PBXNativeTarget;
			buildConfigurationList = 60AD04710CB140B8009704E6 /* Build configuration list for PBXNativeTarget "momCheck" */;
			buildPhases = (
				60AD04610CB140A3009704E6 /* Sources */,
				60AD04620CB140A3009704E6 /* Frameworks */,
			);
			buildRules = (
			);
			dependencies = (
			);
			name = momCheck;
			productName = momCheck;
			productReference = 60AD04640CB140A3009704E6 /* momCheck */;
			productType = "com.apple.product-type.tool";
		};
		60C850550CC3916400B9CF7C /* Evaluate */ = {
			isa = PBXNativeTarget;
			buildConfigurationList = 60C8505F0CC3919500B9CF7C /* Build configuration list for PBXNativeTarget "Evaluate" */;
			buildPhases = (
				60C850530CC3916400B9CF7C /* Sources */,
				60C850540CC3916400B9CF7C /* Frameworks */,
			);
			buildRules = (
			);
			dependencies = (
			);
			name = Evaluate;
			productName = Evaluate;
			productReference = 60C850560CC3916400B9CF7C /* Evaluate */;
			productType = "com.apple.product-type.tool";
		};
		8DD76F620486A84900D96B5E /* mom */ = {
			isa = PBXNativeTarget;
			buildConfigurationList = 1DEB923108733DC60010E9CD /* Build configuration list for PBXNativeTarget "mom" */;
			buildPhases = (
				8DD76F640486A84900D96B5E /* Sources */,
				8DD76F660486A84900D96B5E /* Frameworks */,
			);
			buildRules = (
			);
			dependencies = (
			);
			name = mom;
			productInstallPath = "$(HOME)/bin";
			productName = mom;
			productReference = 8DD76F6C0486A84900D96B5E /* mom */;
			productType = "com.apple.product-type.tool";
		};
		AC518991178C59D300276074 /* treecat */ = {
			isa = PBXNativeTarget;
			buildConfigurationList = AC518994178C59D300276074 /* Build configuration list for PBXNativeTarget "treecat" */;
			buildPhases = (
				AC51898E178C59D300276074 /* Sources */,
				AC51898F178C59D300276074 /* Frameworks */,
				AC518990178C59D300276074 /* CopyFiles */,
			);
			buildRules = (
			);
			dependencies = (
			);
			name = treecat;
			productName = treecat;
			productReference = AC518992178C59D300276074 /* treecat */;
			productType = "com.apple.product-type.tool";
		};
		AC51899A178C59EF00276074 /* treetac */ = {
			isa = PBXNativeTarget;
			buildConfigurationList = AC51899D178C59EF00276074 /* Build configuration list for PBXNativeTarget "treetac" */;
			buildPhases = (
				AC518997178C59EF00276074 /* Sources */,
				AC518998178C59EF00276074 /* Frameworks */,
				AC518999178C59EF00276074 /* CopyFiles */,
			);
			buildRules = (
			);
			dependencies = (
			);
			name = treetac;
			productName = treetac;
			productReference = AC51899B178C59EF00276074 /* treetac */;
			productType = "com.apple.product-type.tool";
		};
		AC5189BE178C5BE200276074 /* entree */ = {
			isa = PBXNativeTarget;
			buildConfigurationList = AC5189C5178C5BE200276074 /* Build configuration list for PBXNativeTarget "entree" */;
			buildPhases = (
				AC5189BB178C5BE200276074 /* Sources */,
				AC5189BC178C5BE200276074 /* Frameworks */,
				AC5189BD178C5BE200276074 /* CopyFiles */,
			);
			buildRules = (
			);
			dependencies = (
			);
			name = entree;
			productName = entree;
			productReference = AC5189BF178C5BE200276074 /* entree */;
			productType = "com.apple.product-type.tool";
		};
/* End PBXNativeTarget section */

/* Begin PBXProject section */
		08FB7793FE84155DC02AAC07 /* Project object */ = {
			isa = PBXProject;
			attributes = {
				LastUpgradeCheck = 0460;
			};
			buildConfigurationList = 1DEB923508733DC60010E9CD /* Build configuration list for PBXProject "mom" */;
			compatibilityVersion = "Xcode 3.2";
			developmentRegion = English;
			hasScannedForEncodings = 1;
			knownRegions = (
				en,
			);
			mainGroup = 08FB7794FE84155DC02AAC07 /* mom */;
			projectDirPath = "";
			projectRoot = "";
			targets = (
				8DD76F620486A84900D96B5E /* mom */,
				60AD04630CB140A3009704E6 /* momCheck */,
				606BF1DA0CBCB8E9005C51D9 /* Refine */,
				60C850550CC3916400B9CF7C /* Evaluate */,
				AC518991178C59D300276074 /* treecat */,
				AC51899A178C59EF00276074 /* treetac */,
				AC5189BE178C5BE200276074 /* entree */,
			);
		};
/* End PBXProject section */

/* Begin PBXSourcesBuildPhase section */
		606BF1D80CBCB8E9005C51D9 /* Sources */ = {
			isa = PBXSourcesBuildPhase;
			buildActionMask = 2147483647;
			files = (
				AC5189B8178C5BB700276074 /* CanonicalName.cpp in Sources */,
				AC5189B7178C5BAD00276074 /* BallSearch.cpp in Sources */,
				AC5189B6178C5B8400276074 /* QuasiRelators.cpp in Sources */,
				AC5189B5178C5B8100276074 /* ImpossibleRelations.cpp in Sources */,
				606BF1DD0CBCB8FA005C51D9 /* AComplex1Jet.C in Sources */,
				606BF1DE0CBCB8FB005C51D9 /* Box.cpp in Sources */,
				606BF1DF0CBCB8FD005C51D9 /* GL2ACJ.C in Sources */,
				606BF1E00CBCB8FE005C51D9 /* GL2C.C in Sources */,
				606BF1E10CBCB900005C51D9 /* Params.cpp in Sources */,
				606BF1E20CBCB902005C51D9 /* TestCollection.cpp in Sources */,
				606BF1E80CBCB919005C51D9 /* MomRefine.cpp in Sources */,
			);
			runOnlyForDeploymentPostprocessing = 0;
		};
		60AD04610CB140A3009704E6 /* Sources */ = {
			isa = PBXSourcesBuildPhase;
			buildActionMask = 2147483647;
			files = (
				AC5189B4178C5B5700276074 /* ImpossibleRelations.cpp in Sources */,
				60AD04660CB140AD009704E6 /* AComplex1Jet.C in Sources */,
				60AD04670CB140AE009704E6 /* Box.cpp in Sources */,
				60AD04690CB140AF009704E6 /* GL2ACJ.C in Sources */,
				60AD046A0CB140B2009704E6 /* GL2C.C in Sources */,
				60AD046B0CB140B3009704E6 /* Params.cpp in Sources */,
				60AD046C0CB140B3009704E6 /* MomCheck.cpp in Sources */,
				60AD046D0CB140B4009704E6 /* TestCollection.cpp in Sources */,
				60AD046E0CB140B5009704E6 /* TestSearch.cpp in Sources */,
			);
			runOnlyForDeploymentPostprocessing = 0;
		};
		60C850530CC3916400B9CF7C /* Sources */ = {
			isa = PBXSourcesBuildPhase;
			buildActionMask = 2147483647;
			files = (
				60C850580CC3917A00B9CF7C /* AComplex1Jet.C in Sources */,
				60C850590CC3917B00B9CF7C /* Box.cpp in Sources */,
				60C8505A0CC3917D00B9CF7C /* GL2ACJ.C in Sources */,
				60C8505B0CC3917E00B9CF7C /* GL2C.C in Sources */,
				60C8505C0CC3918100B9CF7C /* Params.cpp in Sources */,
				60C8505E0CC3919500B9CF7C /* Evaluate.cpp in Sources */,
			);
			runOnlyForDeploymentPostprocessing = 0;
		};
		8DD76F640486A84900D96B5E /* Sources */ = {
			isa = PBXSourcesBuildPhase;
			buildActionMask = 2147483647;
			files = (
				AC5189B2178C5B2F00276074 /* ImpossibleRelations.cpp in Sources */,
				60ADFFBA0CA109BD009704E6 /* AComplex1Jet.C in Sources */,
				60ADFFBC0CA109BD009704E6 /* color.C in Sources */,
				60ADFFBE0CA109BD009704E6 /* GL2ACJ.C in Sources */,
				60ADFFC00CA109BD009704E6 /* GL2C.C in Sources */,
				60AD01500CABB993009704E6 /* Box.cpp in Sources */,
				60AD01680CABBFDC009704E6 /* TestCollection.cpp in Sources */,
				60AD01750CABC04B009704E6 /* TestSearch.cpp in Sources */,
				60AD01F70CABCDA8009704E6 /* Params.cpp in Sources */,
			);
			runOnlyForDeploymentPostprocessing = 0;
		};
		AC51898E178C59D300276074 /* Sources */ = {
			isa = PBXSourcesBuildPhase;
			buildActionMask = 2147483647;
			files = (
				AC5189B9178C5BCB00276074 /* treecat.cpp in Sources */,
			);
			runOnlyForDeploymentPostprocessing = 0;
		};
		AC518997178C59EF00276074 /* Sources */ = {
			isa = PBXSourcesBuildPhase;
			buildActionMask = 2147483647;
			files = (
				AC5189BA178C5BD400276074 /* treetac.cpp in Sources */,
			);
			runOnlyForDeploymentPostprocessing = 0;
		};
		AC5189BB178C5BE200276074 /* Sources */ = {
			isa = PBXSourcesBuildPhase;
			buildActionMask = 2147483647;
			files = (
				AC5189C8178C5BF700276074 /* entree.cpp in Sources */,
			);
			runOnlyForDeploymentPostprocessing = 0;
		};
/* End PBXSourcesBuildPhase section */

/* Begin XCBuildConfiguration section */
		1DEB923208733DC60010E9CD /* Debug */ = {
			isa = XCBuildConfiguration;
			buildSettings = {
				ARCHS = "$(ARCHS_STANDARD_64_BIT)";
				COPY_PHASE_STRIP = NO;
				GCC_DYNAMIC_NO_PIC = NO;
				GCC_MODEL_TUNING = G5;
				GCC_OPTIMIZATION_LEVEL = 0;
				INSTALL_PATH = "$(HOME)/bin";
				PRODUCT_NAME = mom;
				SDKROOT = "";
				ZERO_LINK = YES;
			};
			name = Debug;
		};
		1DEB923308733DC60010E9CD /* Release */ = {
			isa = XCBuildConfiguration;
			buildSettings = {
				ARCHS = "$(ARCHS_STANDARD_64_BIT)";
				GCC_GENERATE_DEBUGGING_SYMBOLS = NO;
				GCC_MODEL_TUNING = G5;
				INSTALL_PATH = "$(HOME)/bin";
				PRODUCT_NAME = mom;
				SDKROOT = "";
			};
			name = Release;
		};
		1DEB923608733DC60010E9CD /* Debug */ = {
			isa = XCBuildConfiguration;
			buildSettings = {
				GCC_WARN_ABOUT_RETURN_TYPE = YES;
				GCC_WARN_UNUSED_VARIABLE = YES;
				SDKROOT = "$(DEVELOPER_SDK_DIR)/MacOSX10.4u.sdk";
			};
			name = Debug;
		};
		1DEB923708733DC60010E9CD /* Release */ = {
			isa = XCBuildConfiguration;
			buildSettings = {
				GCC_WARN_ABOUT_RETURN_TYPE = YES;
				GCC_WARN_UNUSED_VARIABLE = YES;
				SDKROOT = "$(DEVELOPER_SDK_DIR)/MacOSX10.4u.sdk";
			};
			name = Release;
		};
		606BF1EA0CBCB919005C51D9 /* Debug */ = {
			isa = XCBuildConfiguration;
			buildSettings = {
				ARCHS = "$(ARCHS_STANDARD_64_BIT)";
				COPY_PHASE_STRIP = NO;
				GCC_DYNAMIC_NO_PIC = NO;
				GCC_GENERATE_DEBUGGING_SYMBOLS = YES;
				GCC_MODEL_TUNING = G5;
				GCC_OPTIMIZATION_LEVEL = 0;
				INSTALL_PATH = "$(HOME)/bin";
				PRODUCT_NAME = Refine;
				SDKROOT = "";
				ZERO_LINK = YES;
			};
			name = Debug;
		};
		606BF1EB0CBCB919005C51D9 /* Release */ = {
			isa = XCBuildConfiguration;
			buildSettings = {
				ARCHS = "$(ARCHS_STANDARD_64_BIT)";
				COPY_PHASE_STRIP = YES;
				GCC_GENERATE_DEBUGGING_SYMBOLS = NO;
				GCC_MODEL_TUNING = G5;
				INSTALL_PATH = "$(HOME)/bin";
				PRODUCT_NAME = Refine;
				SDKROOT = "";
				ZERO_LINK = NO;
			};
			name = Release;
		};
		60AD04720CB140B8009704E6 /* Debug */ = {
			isa = XCBuildConfiguration;
			buildSettings = {
				ARCHS = "$(ARCHS_STANDARD_64_BIT)";
				COPY_PHASE_STRIP = NO;
				GCC_DYNAMIC_NO_PIC = NO;
				GCC_GENERATE_DEBUGGING_SYMBOLS = YES;
				GCC_MODEL_TUNING = G5;
				GCC_OPTIMIZATION_LEVEL = 0;
				INSTALL_PATH = "$(HOME)/bin";
				PRODUCT_NAME = momCheck;
				SDKROOT = "";
				ZERO_LINK = YES;
			};
			name = Debug;
		};
		60AD04730CB140B8009704E6 /* Release */ = {
			isa = XCBuildConfiguration;
			buildSettings = {
				ARCHS = "$(ARCHS_STANDARD_64_BIT)";
				COPY_PHASE_STRIP = YES;
				GCC_GENERATE_DEBUGGING_SYMBOLS = NO;
				GCC_MODEL_TUNING = G5;
				INSTALL_PATH = "$(HOME)/bin";
				PRODUCT_NAME = momCheck;
				SDKROOT = "";
				ZERO_LINK = NO;
			};
			name = Release;
		};
		60C850600CC3919500B9CF7C /* Debug */ = {
			isa = XCBuildConfiguration;
			buildSettings = {
				ARCHS = "$(ARCHS_STANDARD_64_BIT)";
				COPY_PHASE_STRIP = NO;
				GCC_DYNAMIC_NO_PIC = NO;
				GCC_GENERATE_DEBUGGING_SYMBOLS = YES;
				GCC_MODEL_TUNING = G5;
				GCC_OPTIMIZATION_LEVEL = 0;
				INSTALL_PATH = "$(HOME)/bin";
				PRODUCT_NAME = Evaluate;
				SDKROOT = "";
				ZERO_LINK = YES;
			};
			name = Debug;
		};
		60C850610CC3919500B9CF7C /* Release */ = {
			isa = XCBuildConfiguration;
			buildSettings = {
				ARCHS = "$(ARCHS_STANDARD_64_BIT)";
				COPY_PHASE_STRIP = YES;
				GCC_GENERATE_DEBUGGING_SYMBOLS = NO;
				GCC_MODEL_TUNING = G5;
				INSTALL_PATH = "$(HOME)/bin";
				PRODUCT_NAME = Evaluate;
				SDKROOT = "";
				ZERO_LINK = NO;
			};
			name = Release;
		};
		AC518995178C59D300276074 /* Debug */ = {
			isa = XCBuildConfiguration;
			buildSettings = {
				ALWAYS_SEARCH_USER_PATHS = NO;
				ARCHS = "$(ARCHS_STANDARD_64_BIT)";
				CLANG_CXX_LANGUAGE_STANDARD = "gnu++0x";
				CLANG_CXX_LIBRARY = "libc++";
				CLANG_ENABLE_OBJC_ARC = YES;
				CLANG_WARN_CONSTANT_CONVERSION = YES;
				CLANG_WARN_EMPTY_BODY = YES;
				CLANG_WARN_ENUM_CONVERSION = YES;
				CLANG_WARN_INT_CONVERSION = YES;
				CLANG_WARN__DUPLICATE_METHOD_MATCH = YES;
				COPY_PHASE_STRIP = NO;
				GCC_C_LANGUAGE_STANDARD = gnu99;
				GCC_DYNAMIC_NO_PIC = NO;
				GCC_ENABLE_OBJC_EXCEPTIONS = YES;
				GCC_OPTIMIZATION_LEVEL = 0;
				GCC_PREPROCESSOR_DEFINITIONS = (
					"DEBUG=1",
					"$(inherited)",
				);
				GCC_SYMBOLS_PRIVATE_EXTERN = NO;
				GCC_WARN_64_TO_32_BIT_CONVERSION = YES;
				GCC_WARN_UNINITIALIZED_AUTOS = YES;
				MACOSX_DEPLOYMENT_TARGET = 10.8;
				ONLY_ACTIVE_ARCH = YES;
				PRODUCT_NAME = "$(TARGET_NAME)";
				SDKROOT = "";
			};
			name = Debug;
		};
		AC518996178C59D300276074 /* Release */ = {
			isa = XCBuildConfiguration;
			buildSettings = {
				ALWAYS_SEARCH_USER_PATHS = NO;
				ARCHS = "$(ARCHS_STANDARD_64_BIT)";
				CLANG_CXX_LANGUAGE_STANDARD = "gnu++0x";
				CLANG_CXX_LIBRARY = "libc++";
				CLANG_ENABLE_OBJC_ARC = YES;
				CLANG_WARN_CONSTANT_CONVERSION = YES;
				CLANG_WARN_EMPTY_BODY = YES;
				CLANG_WARN_ENUM_CONVERSION = YES;
				CLANG_WARN_INT_CONVERSION = YES;
				CLANG_WARN__DUPLICATE_METHOD_MATCH = YES;
				COPY_PHASE_STRIP = YES;
				DEBUG_INFORMATION_FORMAT = "dwarf-with-dsym";
				GCC_C_LANGUAGE_STANDARD = gnu99;
				GCC_ENABLE_OBJC_EXCEPTIONS = YES;
				GCC_WARN_64_TO_32_BIT_CONVERSION = YES;
				GCC_WARN_UNINITIALIZED_AUTOS = YES;
				MACOSX_DEPLOYMENT_TARGET = 10.8;
				PRODUCT_NAME = "$(TARGET_NAME)";
				SDKROOT = "";
			};
			name = Release;
		};
		AC51899E178C59EF00276074 /* Debug */ = {
			isa = XCBuildConfiguration;
			buildSettings = {
				ALWAYS_SEARCH_USER_PATHS = NO;
				ARCHS = "$(ARCHS_STANDARD_64_BIT)";
				CLANG_CXX_LANGUAGE_STANDARD = "gnu++0x";
				CLANG_CXX_LIBRARY = "libc++";
				CLANG_ENABLE_OBJC_ARC = YES;
				CLANG_WARN_CONSTANT_CONVERSION = YES;
				CLANG_WARN_EMPTY_BODY = YES;
				CLANG_WARN_ENUM_CONVERSION = YES;
				CLANG_WARN_INT_CONVERSION = YES;
				CLANG_WARN__DUPLICATE_METHOD_MATCH = YES;
				COPY_PHASE_STRIP = NO;
				GCC_C_LANGUAGE_STANDARD = gnu99;
				GCC_DYNAMIC_NO_PIC = NO;
				GCC_ENABLE_OBJC_EXCEPTIONS = YES;
				GCC_OPTIMIZATION_LEVEL = 0;
				GCC_PREPROCESSOR_DEFINITIONS = (
					"DEBUG=1",
					"$(inherited)",
				);
				GCC_SYMBOLS_PRIVATE_EXTERN = NO;
				GCC_WARN_64_TO_32_BIT_CONVERSION = YES;
				GCC_WARN_UNINITIALIZED_AUTOS = YES;
				MACOSX_DEPLOYMENT_TARGET = 10.8;
				ONLY_ACTIVE_ARCH = YES;
				PRODUCT_NAME = "$(TARGET_NAME)";
				SDKROOT = "";
			};
			name = Debug;
		};
		AC51899F178C59EF00276074 /* Release */ = {
			isa = XCBuildConfiguration;
			buildSettings = {
				ALWAYS_SEARCH_USER_PATHS = NO;
				ARCHS = "$(ARCHS_STANDARD_64_BIT)";
				CLANG_CXX_LANGUAGE_STANDARD = "gnu++0x";
				CLANG_CXX_LIBRARY = "libc++";
				CLANG_ENABLE_OBJC_ARC = YES;
				CLANG_WARN_CONSTANT_CONVERSION = YES;
				CLANG_WARN_EMPTY_BODY = YES;
				CLANG_WARN_ENUM_CONVERSION = YES;
				CLANG_WARN_INT_CONVERSION = YES;
				CLANG_WARN__DUPLICATE_METHOD_MATCH = YES;
				COPY_PHASE_STRIP = YES;
				DEBUG_INFORMATION_FORMAT = "dwarf-with-dsym";
				GCC_C_LANGUAGE_STANDARD = gnu99;
				GCC_ENABLE_OBJC_EXCEPTIONS = YES;
				GCC_WARN_64_TO_32_BIT_CONVERSION = YES;
				GCC_WARN_UNINITIALIZED_AUTOS = YES;
				MACOSX_DEPLOYMENT_TARGET = 10.8;
				PRODUCT_NAME = "$(TARGET_NAME)";
				SDKROOT = "";
			};
			name = Release;
		};
		AC5189C6178C5BE200276074 /* Debug */ = {
			isa = XCBuildConfiguration;
			buildSettings = {
				ALWAYS_SEARCH_USER_PATHS = NO;
				ARCHS = "$(ARCHS_STANDARD_64_BIT)";
				CLANG_CXX_LANGUAGE_STANDARD = "gnu++0x";
				CLANG_CXX_LIBRARY = "libc++";
				CLANG_ENABLE_OBJC_ARC = YES;
				CLANG_WARN_CONSTANT_CONVERSION = YES;
				CLANG_WARN_EMPTY_BODY = YES;
				CLANG_WARN_ENUM_CONVERSION = YES;
				CLANG_WARN_INT_CONVERSION = YES;
				CLANG_WARN__DUPLICATE_METHOD_MATCH = YES;
				COPY_PHASE_STRIP = NO;
				GCC_C_LANGUAGE_STANDARD = gnu99;
				GCC_DYNAMIC_NO_PIC = NO;
				GCC_ENABLE_OBJC_EXCEPTIONS = YES;
				GCC_OPTIMIZATION_LEVEL = 0;
				GCC_PREPROCESSOR_DEFINITIONS = (
					"DEBUG=1",
					"$(inherited)",
				);
				GCC_SYMBOLS_PRIVATE_EXTERN = NO;
				GCC_WARN_64_TO_32_BIT_CONVERSION = YES;
				GCC_WARN_UNINITIALIZED_AUTOS = YES;
				MACOSX_DEPLOYMENT_TARGET = 10.8;
				ONLY_ACTIVE_ARCH = YES;
				PRODUCT_NAME = "$(TARGET_NAME)";
				SDKROOT = macosx;
			};
			name = Debug;
		};
		AC5189C7178C5BE200276074 /* Release */ = {
			isa = XCBuildConfiguration;
			buildSettings = {
				ALWAYS_SEARCH_USER_PATHS = NO;
				ARCHS = "$(ARCHS_STANDARD_64_BIT)";
				CLANG_CXX_LANGUAGE_STANDARD = "gnu++0x";
				CLANG_CXX_LIBRARY = "libc++";
				CLANG_ENABLE_OBJC_ARC = YES;
				CLANG_WARN_CONSTANT_CONVERSION = YES;
				CLANG_WARN_EMPTY_BODY = YES;
				CLANG_WARN_ENUM_CONVERSION = YES;
				CLANG_WARN_INT_CONVERSION = YES;
				CLANG_WARN__DUPLICATE_METHOD_MATCH = YES;
				COPY_PHASE_STRIP = YES;
				DEBUG_INFORMATION_FORMAT = "dwarf-with-dsym";
				GCC_C_LANGUAGE_STANDARD = gnu99;
				GCC_ENABLE_OBJC_EXCEPTIONS = YES;
				GCC_WARN_64_TO_32_BIT_CONVERSION = YES;
				GCC_WARN_UNINITIALIZED_AUTOS = YES;
				MACOSX_DEPLOYMENT_TARGET = 10.8;
				PRODUCT_NAME = "$(TARGET_NAME)";
				SDKROOT = macosx;
			};
			name = Release;
		};
/* End XCBuildConfiguration section */

/* Begin XCConfigurationList section */
		1DEB923108733DC60010E9CD /* Build configuration list for PBXNativeTarget "mom" */ = {
			isa = XCConfigurationList;
			buildConfigurations = (
				1DEB923208733DC60010E9CD /* Debug */,
				1DEB923308733DC60010E9CD /* Release */,
			);
			defaultConfigurationIsVisible = 0;
			defaultConfigurationName = Release;
		};
		1DEB923508733DC60010E9CD /* Build configuration list for PBXProject "mom" */ = {
			isa = XCConfigurationList;
			buildConfigurations = (
				1DEB923608733DC60010E9CD /* Debug */,
				1DEB923708733DC60010E9CD /* Release */,
			);
			defaultConfigurationIsVisible = 0;
			defaultConfigurationName = Release;
		};
		606BF1E90CBCB919005C51D9 /* Build configuration list for PBXNativeTarget "Refine" */ = {
			isa = XCConfigurationList;
			buildConfigurations = (
				606BF1EA0CBCB919005C51D9 /* Debug */,
				606BF1EB0CBCB919005C51D9 /* Release */,
			);
			defaultConfigurationIsVisible = 0;
			defaultConfigurationName = Release;
		};
		60AD04710CB140B8009704E6 /* Build configuration list for PBXNativeTarget "momCheck" */ = {
			isa = XCConfigurationList;
			buildConfigurations = (
				60AD04720CB140B8009704E6 /* Debug */,
				60AD04730CB140B8009704E6 /* Release */,
			);
			defaultConfigurationIsVisible = 0;
			defaultConfigurationName = Release;
		};
		60C8505F0CC3919500B9CF7C /* Build configuration list for PBXNativeTarget "Evaluate" */ = {
			isa = XCConfigurationList;
			buildConfigurations = (
				60C850600CC3919500B9CF7C /* Debug */,
				60C850610CC3919500B9CF7C /* Release */,
			);
			defaultConfigurationIsVisible = 0;
			defaultConfigurationName = Release;
		};
		AC518994178C59D300276074 /* Build configuration list for PBXNativeTarget "treecat" */ = {
			isa = XCConfigurationList;
			buildConfigurations = (
				AC518995178C59D300276074 /* Debug */,
				AC518996178C59D300276074 /* Release */,
			);
			defaultConfigurationIsVisible = 0;
			defaultConfigurationName = Release;
		};
		AC51899D178C59EF00276074 /* Build configuration list for PBXNativeTarget "treetac" */ = {
			isa = XCConfigurationList;
			buildConfigurations = (
				AC51899E178C59EF00276074 /* Debug */,
				AC51899F178C59EF00276074 /* Release */,
			);
			defaultConfigurationIsVisible = 0;
			defaultConfigurationName = Release;
		};
		AC5189C5178C5BE200276074 /* Build configuration list for PBXNativeTarget "entree" */ = {
			isa = XCConfigurationList;
			buildConfigurations = (
				AC5189C6178C5BE200276074 /* Debug */,
				AC5189C7178C5BE200276074 /* Release */,
			);
			defaultConfigurationIsVisible = 0;
			defaultConfigurationName = Release;
		};
/* End XCConfigurationList section */
	};
	rootObject = 08FB7793FE84155DC02AAC07 /* Project object */;
}
